
Microsoft Visual Studio Solution File, Format Version 12.00
# Visual Studio 2013
VisualStudioVersion = 12.0.21005.1
MinimumVisualStudioVersion = 10.0.40219.1
Project("{FAE04EC0-301F-11D3-BF4B-00C04F79EFBC}") = "SelfSite", "SelfSite\SelfSite.csproj", "{C201D6B8-DD40-4D72-A040-9F19EAA19958}"
EndProject
Project("{FAE04EC0-301F-11D3-BF4B-00C04F79EFBC}") = "SelfSite.Tests", "SelfSite.Tests\SelfSite.Tests.csproj", "{3AE900FD-37F0-4814-BD9E-30E37FBFDC9C}"
EndProject
Global
	GlobalSection(SolutionConfigurationPlatforms) = preSolution
		Debug|Any CPU = Debug|Any CPU
		Release|Any CPU = Release|Any CPU
	EndGlobalSection
	GlobalSection(ProjectConfigurationPlatforms) = postSolution
		{C201D6B8-DD40-4D72-A040-9F19EAA19958}.Debug|Any CPU.ActiveCfg = Debug|Any CPU
		{C201D6B8-DD40-4D72-A040-9F19EAA19958}.Debug|Any CPU.Build.0 = Debug|Any CPU
		{C201D6B8-DD40-4D72-A040-9F19EAA19958}.Release|Any CPU.ActiveCfg = Release|Any CPU
		{C201D6B8-DD40-4D72-A040-9F19EAA19958}.Release|Any CPU.Build.0 = Release|Any CPU
		{3AE900FD-37F0-4814-BD9E-30E37FBFDC9C}.Debug|Any CPU.ActiveCfg = Debug|Any CPU
		{3AE900FD-37F0-4814-BD9E-30E37FBFDC9C}.Debug|Any CPU.Build.0 = Debug|Any CPU
		{3AE900FD-37F0-4814-BD9E-30E37FBFDC9C}.Release|Any CPU.ActiveCfg = Release|Any CPU
		{3AE900FD-37F0-4814-BD9E-30E37FBFDC9C}.Release|Any CPU.Build.0 = Release|Any CPU
	EndGlobalSection
	GlobalSection(SolutionProperties) = preSolution
		HideSolutionNode = FALSE
	EndGlobalSection
EndGlobal
